
Microsoft Visual Studio Solution File, Format Version 12.00
# Visual Studio Version 16
VisualStudioVersion = 16.0.30907.101
MinimumVisualStudioVersion = 10.0.40219.1
Project("{FAE04EC0-301F-11D3-BF4B-00C04F79EFBC}") = "Demo", "Demo\Demo.csproj", "{8B88DCB1-6FDF-498D-A870-3DE9C3DDBF90}"
EndProject
Global
	GlobalSection(SolutionConfigurationPlatforms) = preSolution
		Debug|Any CPU = Debug|Any CPU
		Release|Any CPU = Release|Any CPU
	EndGlobalSection
	GlobalSection(ProjectConfigurationPlatforms) = postSolution
		{8B88DCB1-6FDF-498D-A870-3DE9C3DDBF90}.Debug|Any CPU.ActiveCfg = Debug|Any CPU
		{8B88DCB1-6FDF-498D-A870-3DE9C3DDBF90}.Debug|Any CPU.Build.0 = Debug|Any CPU
		{8B88DCB1-6FDF-498D-A870-3DE9C3DDBF90}.Release|Any CPU.ActiveCfg = Release|Any CPU
		{8B88DCB1-6FDF-498D-A870-3DE9C3DDBF90}.Release|Any CPU.Build.0 = Release|Any CPU
	EndGlobalSection
	GlobalSection(SolutionProperties) = preSolution
		HideSolutionNode = FALSE
	EndGlobalSection
	GlobalSection(ExtensibilityGlobals) = postSolution
		SolutionGuid = {7BA8A633-12B8-4231-B834-C04E8909CBF6}
	EndGlobalSection
EndGlobal
